
Microsoft Visual Studio Solution File, Format Version 12.00
# Visual Studio 15
VisualStudioVersion = 15.0.26124.0
MinimumVisualStudioVersion = 15.0.26124.0
Project("{FAE04EC0-301F-11D3-BF4B-00C04F79EFBC}") = "YourName", "Challenge01\YourName.csproj", "{682B76E7-E8E6-4023-9B37-AF3E34695EEF}"
EndProject
Project("{FAE04EC0-301F-11D3-BF4B-00C04F79EFBC}") = "ChallengeTester", "ChallengeTester\ChallengeTester.csproj", "{A845B980-ED41-4898-A46D-86A259DCEDF1}"
EndProject
Project("{FAE04EC0-301F-11D3-BF4B-00C04F79EFBC}") = "DaysToNextBirthday", "Challenge02\DaysToNextBirthday.csproj", "{85297D74-373E-4ABA-9350-75D785AB333E}"
EndProject
Project("{FAE04EC0-301F-11D3-BF4B-00C04F79EFBC}") = "StringLength", "Challenge03\StringLength.csproj", "{F8923F55-2F5B-403D-AB90-AC22E2C55C60}"
EndProject
Project("{FAE04EC0-301F-11D3-BF4B-00C04F79EFBC}") = "Substitution", "Challenge04\Substitution.csproj", "{3ECEC688-FB69-4A5B-9F36-F8066D90823E}"
EndProject
Project("{FAE04EC0-301F-11D3-BF4B-00C04F79EFBC}") = "EvenOdd", "Challenge05\EvenOdd.csproj", "{2C306406-1BA3-4FC3-A258-E0124A84BFFB}"
EndProject
Project("{FAE04EC0-301F-11D3-BF4B-00C04F79EFBC}") = "Grade", "Challenge06\Grade.csproj", "{01D25E38-A865-498C-BABF-144209DC513C}"
EndProject
Project("{FAE04EC0-301F-11D3-BF4B-00C04F79EFBC}") = "TempratureConverter", "Challenge07\TempratureConverter.csproj", "{9787CD12-F9FB-4032-B9E2-73A45C0C1C6E}"
EndProject
Project("{FAE04EC0-301F-11D3-BF4B-00C04F79EFBC}") = "LeapYear", "Challenge08\LeapYear.csproj", "{889DEBA7-6924-44D9-B585-7F2EBF89EABB}"
EndProject
Project("{FAE04EC0-301F-11D3-BF4B-00C04F79EFBC}") = "Timezone", "Challenge09\Timezone.csproj", "{BF21A2A6-224E-4322-BF1F-41B87173381C}"
EndProject
Project("{FAE04EC0-301F-11D3-BF4B-00C04F79EFBC}") = "Calculator", "Challenge10\Calculator.csproj", "{EB59D7E7-92FE-48FA-B068-94A42871FB40}"
EndProject
Project("{FAE04EC0-301F-11D3-BF4B-00C04F79EFBC}") = "SumArgument", "Challenge11\SumArgument.csproj", "{A7876244-0674-4B2A-AE0D-200F665B1353}"
EndProject
Project("{FAE04EC0-301F-11D3-BF4B-00C04F79EFBC}") = "ToUpperCase", "Challenge12\ToUpperCase.csproj", "{72322E27-1586-4341-81BE-F9313D0A31BF}"
EndProject
Project("{FAE04EC0-301F-11D3-BF4B-00C04F79EFBC}") = "CountWords", "Challenge13\CountWords.csproj", "{CF702078-C941-4BD1-9374-29812D0A2B3E}"
EndProject
Project("{FAE04EC0-301F-11D3-BF4B-00C04F79EFBC}") = "PalindromeDetector", "Challenge14\PalindromeDetector.csproj", "{4225C257-8D72-4526-A8F0-F6F4C0F15CFC}"
EndProject
Project("{FAE04EC0-301F-11D3-BF4B-00C04F79EFBC}") = "MirrorString", "Challenge15\MirrorString.csproj", "{D7F2E8AD-6FA4-4EB1-A5F7-CBA58E6A5BD0}"
EndProject
Project("{FAE04EC0-301F-11D3-BF4B-00C04F79EFBC}") = "FruitFinder", "Challenge16\FruitFinder.csproj", "{D6C39D32-CA39-4E8E-AF57-ED67E2B2C5EF}"
EndProject
Project("{FAE04EC0-301F-11D3-BF4B-00C04F79EFBC}") = "FooBarBaz", "Challenge17\FooBarBaz.csproj", "{7C35CA01-0924-4DFB-98AA-025B39F0E9C5}"
EndProject
Project("{FAE04EC0-301F-11D3-BF4B-00C04F79EFBC}") = "FindMinMaxAvg", "Challenge18\FindMinMaxAvg.csproj", "{B90927D4-73DE-4D33-A504-F1B95A01E77D}"
EndProject
Global
	GlobalSection(SolutionConfigurationPlatforms) = preSolution
		Debug|Any CPU = Debug|Any CPU
		Debug|x64 = Debug|x64
		Debug|x86 = Debug|x86
		Release|Any CPU = Release|Any CPU
		Release|x64 = Release|x64
		Release|x86 = Release|x86
	EndGlobalSection
	GlobalSection(SolutionProperties) = preSolution
		HideSolutionNode = FALSE
	EndGlobalSection
	GlobalSection(ProjectConfigurationPlatforms) = postSolution
		{682B76E7-E8E6-4023-9B37-AF3E34695EEF}.Debug|Any CPU.ActiveCfg = Debug|Any CPU
		{682B76E7-E8E6-4023-9B37-AF3E34695EEF}.Debug|Any CPU.Build.0 = Debug|Any CPU
		{682B76E7-E8E6-4023-9B37-AF3E34695EEF}.Debug|x64.ActiveCfg = Debug|Any CPU
		{682B76E7-E8E6-4023-9B37-AF3E34695EEF}.Debug|x64.Build.0 = Debug|Any CPU
		{682B76E7-E8E6-4023-9B37-AF3E34695EEF}.Debug|x86.ActiveCfg = Debug|Any CPU
		{682B76E7-E8E6-4023-9B37-AF3E34695EEF}.Debug|x86.Build.0 = Debug|Any CPU
		{682B76E7-E8E6-4023-9B37-AF3E34695EEF}.Release|Any CPU.ActiveCfg = Release|Any CPU
		{682B76E7-E8E6-4023-9B37-AF3E34695EEF}.Release|Any CPU.Build.0 = Release|Any CPU
		{682B76E7-E8E6-4023-9B37-AF3E34695EEF}.Release|x64.ActiveCfg = Release|Any CPU
		{682B76E7-E8E6-4023-9B37-AF3E34695EEF}.Release|x64.Build.0 = Release|Any CPU
		{682B76E7-E8E6-4023-9B37-AF3E34695EEF}.Release|x86.ActiveCfg = Release|Any CPU
		{682B76E7-E8E6-4023-9B37-AF3E34695EEF}.Release|x86.Build.0 = Release|Any CPU
		{A845B980-ED41-4898-A46D-86A259DCEDF1}.Debug|Any CPU.ActiveCfg = Debug|Any CPU
		{A845B980-ED41-4898-A46D-86A259DCEDF1}.Debug|Any CPU.Build.0 = Debug|Any CPU
		{A845B980-ED41-4898-A46D-86A259DCEDF1}.Debug|x64.ActiveCfg = Debug|Any CPU
		{A845B980-ED41-4898-A46D-86A259DCEDF1}.Debug|x64.Build.0 = Debug|Any CPU
		{A845B980-ED41-4898-A46D-86A259DCEDF1}.Debug|x86.ActiveCfg = Debug|Any CPU
		{A845B980-ED41-4898-A46D-86A259DCEDF1}.Debug|x86.Build.0 = Debug|Any CPU
		{A845B980-ED41-4898-A46D-86A259DCEDF1}.Release|Any CPU.ActiveCfg = Release|Any CPU
		{A845B980-ED41-4898-A46D-86A259DCEDF1}.Release|Any CPU.Build.0 = Release|Any CPU
		{A845B980-ED41-4898-A46D-86A259DCEDF1}.Release|x64.ActiveCfg = Release|Any CPU
		{A845B980-ED41-4898-A46D-86A259DCEDF1}.Release|x64.Build.0 = Release|Any CPU
		{A845B980-ED41-4898-A46D-86A259DCEDF1}.Release|x86.ActiveCfg = Release|Any CPU
		{A845B980-ED41-4898-A46D-86A259DCEDF1}.Release|x86.Build.0 = Release|Any CPU
		{85297D74-373E-4ABA-9350-75D785AB333E}.Debug|Any CPU.ActiveCfg = Debug|Any CPU
		{85297D74-373E-4ABA-9350-75D785AB333E}.Debug|Any CPU.Build.0 = Debug|Any CPU
		{85297D74-373E-4ABA-9350-75D785AB333E}.Debug|x64.ActiveCfg = Debug|Any CPU
		{85297D74-373E-4ABA-9350-75D785AB333E}.Debug|x64.Build.0 = Debug|Any CPU
		{85297D74-373E-4ABA-9350-75D785AB333E}.Debug|x86.ActiveCfg = Debug|Any CPU
		{85297D74-373E-4ABA-9350-75D785AB333E}.Debug|x86.Build.0 = Debug|Any CPU
		{85297D74-373E-4ABA-9350-75D785AB333E}.Release|Any CPU.ActiveCfg = Release|Any CPU
		{85297D74-373E-4ABA-9350-75D785AB333E}.Release|Any CPU.Build.0 = Release|Any CPU
		{85297D74-373E-4ABA-9350-75D785AB333E}.Release|x64.ActiveCfg = Release|Any CPU
		{85297D74-373E-4ABA-9350-75D785AB333E}.Release|x64.Build.0 = Release|Any CPU
		{85297D74-373E-4ABA-9350-75D785AB333E}.Release|x86.ActiveCfg = Release|Any CPU
		{85297D74-373E-4ABA-9350-75D785AB333E}.Release|x86.Build.0 = Release|Any CPU
		{F8923F55-2F5B-403D-AB90-AC22E2C55C60}.Debug|Any CPU.ActiveCfg = Debug|Any CPU
		{F8923F55-2F5B-403D-AB90-AC22E2C55C60}.Debug|Any CPU.Build.0 = Debug|Any CPU
		{F8923F55-2F5B-403D-AB90-AC22E2C55C60}.Debug|x64.ActiveCfg = Debug|Any CPU
		{F8923F55-2F5B-403D-AB90-AC22E2C55C60}.Debug|x64.Build.0 = Debug|Any CPU
		{F8923F55-2F5B-403D-AB90-AC22E2C55C60}.Debug|x86.ActiveCfg = Debug|Any CPU
		{F8923F55-2F5B-403D-AB90-AC22E2C55C60}.Debug|x86.Build.0 = Debug|Any CPU
		{F8923F55-2F5B-403D-AB90-AC22E2C55C60}.Release|Any CPU.ActiveCfg = Release|Any CPU
		{F8923F55-2F5B-403D-AB90-AC22E2C55C60}.Release|Any CPU.Build.0 = Release|Any CPU
		{F8923F55-2F5B-403D-AB90-AC22E2C55C60}.Release|x64.ActiveCfg = Release|Any CPU
		{F8923F55-2F5B-403D-AB90-AC22E2C55C60}.Release|x64.Build.0 = Release|Any CPU
		{F8923F55-2F5B-403D-AB90-AC22E2C55C60}.Release|x86.ActiveCfg = Release|Any CPU
		{F8923F55-2F5B-403D-AB90-AC22E2C55C60}.Release|x86.Build.0 = Release|Any CPU
		{3ECEC688-FB69-4A5B-9F36-F8066D90823E}.Debug|Any CPU.ActiveCfg = Debug|Any CPU
		{3ECEC688-FB69-4A5B-9F36-F8066D90823E}.Debug|Any CPU.Build.0 = Debug|Any CPU
		{3ECEC688-FB69-4A5B-9F36-F8066D90823E}.Debug|x64.ActiveCfg = Debug|Any CPU
		{3ECEC688-FB69-4A5B-9F36-F8066D90823E}.Debug|x64.Build.0 = Debug|Any CPU
		{3ECEC688-FB69-4A5B-9F36-F8066D90823E}.Debug|x86.ActiveCfg = Debug|Any CPU
		{3ECEC688-FB69-4A5B-9F36-F8066D90823E}.Debug|x86.Build.0 = Debug|Any CPU
		{3ECEC688-FB69-4A5B-9F36-F8066D90823E}.Release|Any CPU.ActiveCfg = Release|Any CPU
		{3ECEC688-FB69-4A5B-9F36-F8066D90823E}.Release|Any CPU.Build.0 = Release|Any CPU
		{3ECEC688-FB69-4A5B-9F36-F8066D90823E}.Release|x64.ActiveCfg = Release|Any CPU
		{3ECEC688-FB69-4A5B-9F36-F8066D90823E}.Release|x64.Build.0 = Release|Any CPU
		{3ECEC688-FB69-4A5B-9F36-F8066D90823E}.Release|x86.ActiveCfg = Release|Any CPU
		{3ECEC688-FB69-4A5B-9F36-F8066D90823E}.Release|x86.Build.0 = Release|Any CPU
		{2C306406-1BA3-4FC3-A258-E0124A84BFFB}.Debug|Any CPU.ActiveCfg = Debug|Any CPU
		{2C306406-1BA3-4FC3-A258-E0124A84BFFB}.Debug|Any CPU.Build.0 = Debug|Any CPU
		{2C306406-1BA3-4FC3-A258-E0124A84BFFB}.Debug|x64.ActiveCfg = Debug|Any CPU
		{2C306406-1BA3-4FC3-A258-E0124A84BFFB}.Debug|x64.Build.0 = Debug|Any CPU
		{2C306406-1BA3-4FC3-A258-E0124A84BFFB}.Debug|x86.ActiveCfg = Debug|Any CPU
		{2C306406-1BA3-4FC3-A258-E0124A84BFFB}.Debug|x86.Build.0 = Debug|Any CPU
		{2C306406-1BA3-4FC3-A258-E0124A84BFFB}.Release|Any CPU.ActiveCfg = Release|Any CPU
		{2C306406-1BA3-4FC3-A258-E0124A84BFFB}.Release|Any CPU.Build.0 = Release|Any CPU
		{2C306406-1BA3-4FC3-A258-E0124A84BFFB}.Release|x64.ActiveCfg = Release|Any CPU
		{2C306406-1BA3-4FC3-A258-E0124A84BFFB}.Release|x64.Build.0 = Release|Any CPU
		{2C306406-1BA3-4FC3-A258-E0124A84BFFB}.Release|x86.ActiveCfg = Release|Any CPU
		{2C306406-1BA3-4FC3-A258-E0124A84BFFB}.Release|x86.Build.0 = Release|Any CPU
		{01D25E38-A865-498C-BABF-144209DC513C}.Debug|Any CPU.ActiveCfg = Debug|Any CPU
		{01D25E38-A865-498C-BABF-144209DC513C}.Debug|Any CPU.Build.0 = Debug|Any CPU
		{01D25E38-A865-498C-BABF-144209DC513C}.Debug|x64.ActiveCfg = Debug|Any CPU
		{01D25E38-A865-498C-BABF-144209DC513C}.Debug|x64.Build.0 = Debug|Any CPU
		{01D25E38-A865-498C-BABF-144209DC513C}.Debug|x86.ActiveCfg = Debug|Any CPU
		{01D25E38-A865-498C-BABF-144209DC513C}.Debug|x86.Build.0 = Debug|Any CPU
		{01D25E38-A865-498C-BABF-144209DC513C}.Release|Any CPU.ActiveCfg = Release|Any CPU
		{01D25E38-A865-498C-BABF-144209DC513C}.Release|Any CPU.Build.0 = Release|Any CPU
		{01D25E38-A865-498C-BABF-144209DC513C}.Release|x64.ActiveCfg = Release|Any CPU
		{01D25E38-A865-498C-BABF-144209DC513C}.Release|x64.Build.0 = Release|Any CPU
		{01D25E38-A865-498C-BABF-144209DC513C}.Release|x86.ActiveCfg = Release|Any CPU
		{01D25E38-A865-498C-BABF-144209DC513C}.Release|x86.Build.0 = Release|Any CPU
		{9787CD12-F9FB-4032-B9E2-73A45C0C1C6E}.Debug|Any CPU.ActiveCfg = Debug|Any CPU
		{9787CD12-F9FB-4032-B9E2-73A45C0C1C6E}.Debug|Any CPU.Build.0 = Debug|Any CPU
		{9787CD12-F9FB-4032-B9E2-73A45C0C1C6E}.Debug|x64.ActiveCfg = Debug|Any CPU
		{9787CD12-F9FB-4032-B9E2-73A45C0C1C6E}.Debug|x64.Build.0 = Debug|Any CPU
		{9787CD12-F9FB-4032-B9E2-73A45C0C1C6E}.Debug|x86.ActiveCfg = Debug|Any CPU
		{9787CD12-F9FB-4032-B9E2-73A45C0C1C6E}.Debug|x86.Build.0 = Debug|Any CPU
		{9787CD12-F9FB-4032-B9E2-73A45C0C1C6E}.Release|Any CPU.ActiveCfg = Release|Any CPU
		{9787CD12-F9FB-4032-B9E2-73A45C0C1C6E}.Release|Any CPU.Build.0 = Release|Any CPU
		{9787CD12-F9FB-4032-B9E2-73A45C0C1C6E}.Release|x64.ActiveCfg = Release|Any CPU
		{9787CD12-F9FB-4032-B9E2-73A45C0C1C6E}.Release|x64.Build.0 = Release|Any CPU
		{9787CD12-F9FB-4032-B9E2-73A45C0C1C6E}.Release|x86.ActiveCfg = Release|Any CPU
		{9787CD12-F9FB-4032-B9E2-73A45C0C1C6E}.Release|x86.Build.0 = Release|Any CPU
		{889DEBA7-6924-44D9-B585-7F2EBF89EABB}.Debug|Any CPU.ActiveCfg = Debug|Any CPU
		{889DEBA7-6924-44D9-B585-7F2EBF89EABB}.Debug|Any CPU.Build.0 = Debug|Any CPU
		{889DEBA7-6924-44D9-B585-7F2EBF89EABB}.Debug|x64.ActiveCfg = Debug|Any CPU
		{889DEBA7-6924-44D9-B585-7F2EBF89EABB}.Debug|x64.Build.0 = Debug|Any CPU
		{889DEBA7-6924-44D9-B585-7F2EBF89EABB}.Debug|x86.ActiveCfg = Debug|Any CPU
		{889DEBA7-6924-44D9-B585-7F2EBF89EABB}.Debug|x86.Build.0 = Debug|Any CPU
		{889DEBA7-6924-44D9-B585-7F2EBF89EABB}.Release|Any CPU.ActiveCfg = Release|Any CPU
		{889DEBA7-6924-44D9-B585-7F2EBF89EABB}.Release|Any CPU.Build.0 = Release|Any CPU
		{889DEBA7-6924-44D9-B585-7F2EBF89EABB}.Release|x64.ActiveCfg = Release|Any CPU
		{889DEBA7-6924-44D9-B585-7F2EBF89EABB}.Release|x64.Build.0 = Release|Any CPU
		{889DEBA7-6924-44D9-B585-7F2EBF89EABB}.Release|x86.ActiveCfg = Release|Any CPU
		{889DEBA7-6924-44D9-B585-7F2EBF89EABB}.Release|x86.Build.0 = Release|Any CPU
		{BF21A2A6-224E-4322-BF1F-41B87173381C}.Debug|Any CPU.ActiveCfg = Debug|Any CPU
		{BF21A2A6-224E-4322-BF1F-41B87173381C}.Debug|Any CPU.Build.0 = Debug|Any CPU
		{BF21A2A6-224E-4322-BF1F-41B87173381C}.Debug|x64.ActiveCfg = Debug|Any CPU
		{BF21A2A6-224E-4322-BF1F-41B87173381C}.Debug|x64.Build.0 = Debug|Any CPU
		{BF21A2A6-224E-4322-BF1F-41B87173381C}.Debug|x86.ActiveCfg = Debug|Any CPU
		{BF21A2A6-224E-4322-BF1F-41B87173381C}.Debug|x86.Build.0 = Debug|Any CPU
		{BF21A2A6-224E-4322-BF1F-41B87173381C}.Release|Any CPU.ActiveCfg = Release|Any CPU
		{BF21A2A6-224E-4322-BF1F-41B87173381C}.Release|Any CPU.Build.0 = Release|Any CPU
		{BF21A2A6-224E-4322-BF1F-41B87173381C}.Release|x64.ActiveCfg = Release|Any CPU
		{BF21A2A6-224E-4322-BF1F-41B87173381C}.Release|x64.Build.0 = Release|Any CPU
		{BF21A2A6-224E-4322-BF1F-41B87173381C}.Release|x86.ActiveCfg = Release|Any CPU
		{BF21A2A6-224E-4322-BF1F-41B87173381C}.Release|x86.Build.0 = Release|Any CPU
		{EB59D7E7-92FE-48FA-B068-94A42871FB40}.Debug|Any CPU.ActiveCfg = Debug|Any CPU
		{EB59D7E7-92FE-48FA-B068-94A42871FB40}.Debug|Any CPU.Build.0 = Debug|Any CPU
		{EB59D7E7-92FE-48FA-B068-94A42871FB40}.Debug|x64.ActiveCfg = Debug|Any CPU
		{EB59D7E7-92FE-48FA-B068-94A42871FB40}.Debug|x64.Build.0 = Debug|Any CPU
		{EB59D7E7-92FE-48FA-B068-94A42871FB40}.Debug|x86.ActiveCfg = Debug|Any CPU
		{EB59D7E7-92FE-48FA-B068-94A42871FB40}.Debug|x86.Build.0 = Debug|Any CPU
		{EB59D7E7-92FE-48FA-B068-94A42871FB40}.Release|Any CPU.ActiveCfg = Release|Any CPU
		{EB59D7E7-92FE-48FA-B068-94A42871FB40}.Release|Any CPU.Build.0 = Release|Any CPU
		{EB59D7E7-92FE-48FA-B068-94A42871FB40}.Release|x64.ActiveCfg = Release|Any CPU
		{EB59D7E7-92FE-48FA-B068-94A42871FB40}.Release|x64.Build.0 = Release|Any CPU
		{EB59D7E7-92FE-48FA-B068-94A42871FB40}.Release|x86.ActiveCfg = Release|Any CPU
		{EB59D7E7-92FE-48FA-B068-94A42871FB40}.Release|x86.Build.0 = Release|Any CPU
		{A7876244-0674-4B2A-AE0D-200F665B1353}.Debug|Any CPU.ActiveCfg = Debug|Any CPU
		{A7876244-0674-4B2A-AE0D-200F665B1353}.Debug|Any CPU.Build.0 = Debug|Any CPU
		{A7876244-0674-4B2A-AE0D-200F665B1353}.Debug|x64.ActiveCfg = Debug|Any CPU
		{A7876244-0674-4B2A-AE0D-200F665B1353}.Debug|x64.Build.0 = Debug|Any CPU
		{A7876244-0674-4B2A-AE0D-200F665B1353}.Debug|x86.ActiveCfg = Debug|Any CPU
		{A7876244-0674-4B2A-AE0D-200F665B1353}.Debug|x86.Build.0 = Debug|Any CPU
		{A7876244-0674-4B2A-AE0D-200F665B1353}.Release|Any CPU.ActiveCfg = Release|Any CPU
		{A7876244-0674-4B2A-AE0D-200F665B1353}.Release|Any CPU.Build.0 = Release|Any CPU
		{A7876244-0674-4B2A-AE0D-200F665B1353}.Release|x64.ActiveCfg = Release|Any CPU
		{A7876244-0674-4B2A-AE0D-200F665B1353}.Release|x64.Build.0 = Release|Any CPU
		{A7876244-0674-4B2A-AE0D-200F665B1353}.Release|x86.ActiveCfg = Release|Any CPU
		{A7876244-0674-4B2A-AE0D-200F665B1353}.Release|x86.Build.0 = Release|Any CPU
		{72322E27-1586-4341-81BE-F9313D0A31BF}.Debug|Any CPU.ActiveCfg = Debug|Any CPU
		{72322E27-1586-4341-81BE-F9313D0A31BF}.Debug|Any CPU.Build.0 = Debug|Any CPU
		{72322E27-1586-4341-81BE-F9313D0A31BF}.Debug|x64.ActiveCfg = Debug|Any CPU
		{72322E27-1586-4341-81BE-F9313D0A31BF}.Debug|x64.Build.0 = Debug|Any CPU
		{72322E27-1586-4341-81BE-F9313D0A31BF}.Debug|x86.ActiveCfg = Debug|Any CPU
		{72322E27-1586-4341-81BE-F9313D0A31BF}.Debug|x86.Build.0 = Debug|Any CPU
		{72322E27-1586-4341-81BE-F9313D0A31BF}.Release|Any CPU.ActiveCfg = Release|Any CPU
		{72322E27-1586-4341-81BE-F9313D0A31BF}.Release|Any CPU.Build.0 = Release|Any CPU
		{72322E27-1586-4341-81BE-F9313D0A31BF}.Release|x64.ActiveCfg = Release|Any CPU
		{72322E27-1586-4341-81BE-F9313D0A31BF}.Release|x64.Build.0 = Release|Any CPU
		{72322E27-1586-4341-81BE-F9313D0A31BF}.Release|x86.ActiveCfg = Release|Any CPU
		{72322E27-1586-4341-81BE-F9313D0A31BF}.Release|x86.Build.0 = Release|Any CPU
		{CF702078-C941-4BD1-9374-29812D0A2B3E}.Debug|Any CPU.ActiveCfg = Debug|Any CPU
		{CF702078-C941-4BD1-9374-29812D0A2B3E}.Debug|Any CPU.Build.0 = Debug|Any CPU
		{CF702078-C941-4BD1-9374-29812D0A2B3E}.Debug|x64.ActiveCfg = Debug|Any CPU
		{CF702078-C941-4BD1-9374-29812D0A2B3E}.Debug|x64.Build.0 = Debug|Any CPU
		{CF702078-C941-4BD1-9374-29812D0A2B3E}.Debug|x86.ActiveCfg = Debug|Any CPU
		{CF702078-C941-4BD1-9374-29812D0A2B3E}.Debug|x86.Build.0 = Debug|Any CPU
		{CF702078-C941-4BD1-9374-29812D0A2B3E}.Release|Any CPU.ActiveCfg = Release|Any CPU
		{CF702078-C941-4BD1-9374-29812D0A2B3E}.Release|Any CPU.Build.0 = Release|Any CPU
		{CF702078-C941-4BD1-9374-29812D0A2B3E}.Release|x64.ActiveCfg = Release|Any CPU
		{CF702078-C941-4BD1-9374-29812D0A2B3E}.Release|x64.Build.0 = Release|Any CPU
		{CF702078-C941-4BD1-9374-29812D0A2B3E}.Release|x86.ActiveCfg = Release|Any CPU
		{CF702078-C941-4BD1-9374-29812D0A2B3E}.Release|x86.Build.0 = Release|Any CPU
		{4225C257-8D72-4526-A8F0-F6F4C0F15CFC}.Debug|Any CPU.ActiveCfg = Debug|Any CPU
		{4225C257-8D72-4526-A8F0-F6F4C0F15CFC}.Debug|Any CPU.Build.0 = Debug|Any CPU
		{4225C257-8D72-4526-A8F0-F6F4C0F15CFC}.Debug|x64.ActiveCfg = Debug|Any CPU
		{4225C257-8D72-4526-A8F0-F6F4C0F15CFC}.Debug|x64.Build.0 = Debug|Any CPU
		{4225C257-8D72-4526-A8F0-F6F4C0F15CFC}.Debug|x86.ActiveCfg = Debug|Any CPU
		{4225C257-8D72-4526-A8F0-F6F4C0F15CFC}.Debug|x86.Build.0 = Debug|Any CPU
		{4225C257-8D72-4526-A8F0-F6F4C0F15CFC}.Release|Any CPU.ActiveCfg = Release|Any CPU
		{4225C257-8D72-4526-A8F0-F6F4C0F15CFC}.Release|Any CPU.Build.0 = Release|Any CPU
		{4225C257-8D72-4526-A8F0-F6F4C0F15CFC}.Release|x64.ActiveCfg = Release|Any CPU
		{4225C257-8D72-4526-A8F0-F6F4C0F15CFC}.Release|x64.Build.0 = Release|Any CPU
		{4225C257-8D72-4526-A8F0-F6F4C0F15CFC}.Release|x86.ActiveCfg = Release|Any CPU
		{4225C257-8D72-4526-A8F0-F6F4C0F15CFC}.Release|x86.Build.0 = Release|Any CPU
		{D7F2E8AD-6FA4-4EB1-A5F7-CBA58E6A5BD0}.Debug|Any CPU.ActiveCfg = Debug|Any CPU
		{D7F2E8AD-6FA4-4EB1-A5F7-CBA58E6A5BD0}.Debug|Any CPU.Build.0 = Debug|Any CPU
		{D7F2E8AD-6FA4-4EB1-A5F7-CBA58E6A5BD0}.Debug|x64.ActiveCfg = Debug|Any CPU
		{D7F2E8AD-6FA4-4EB1-A5F7-CBA58E6A5BD0}.Debug|x64.Build.0 = Debug|Any CPU
		{D7F2E8AD-6FA4-4EB1-A5F7-CBA58E6A5BD0}.Debug|x86.ActiveCfg = Debug|Any CPU
		{D7F2E8AD-6FA4-4EB1-A5F7-CBA58E6A5BD0}.Debug|x86.Build.0 = Debug|Any CPU
		{D7F2E8AD-6FA4-4EB1-A5F7-CBA58E6A5BD0}.Release|Any CPU.ActiveCfg = Release|Any CPU
		{D7F2E8AD-6FA4-4EB1-A5F7-CBA58E6A5BD0}.Release|Any CPU.Build.0 = Release|Any CPU
		{D7F2E8AD-6FA4-4EB1-A5F7-CBA58E6A5BD0}.Release|x64.ActiveCfg = Release|Any CPU
		{D7F2E8AD-6FA4-4EB1-A5F7-CBA58E6A5BD0}.Release|x64.Build.0 = Release|Any CPU
		{D7F2E8AD-6FA4-4EB1-A5F7-CBA58E6A5BD0}.Release|x86.ActiveCfg = Release|Any CPU
		{D7F2E8AD-6FA4-4EB1-A5F7-CBA58E6A5BD0}.Release|x86.Build.0 = Release|Any CPU
		{D6C39D32-CA39-4E8E-AF57-ED67E2B2C5EF}.Debug|Any CPU.ActiveCfg = Debug|Any CPU
		{D6C39D32-CA39-4E8E-AF57-ED67E2B2C5EF}.Debug|Any CPU.Build.0 = Debug|Any CPU
		{D6C39D32-CA39-4E8E-AF57-ED67E2B2C5EF}.Debug|x64.ActiveCfg = Debug|Any CPU
		{D6C39D32-CA39-4E8E-AF57-ED67E2B2C5EF}.Debug|x64.Build.0 = Debug|Any CPU
		{D6C39D32-CA39-4E8E-AF57-ED67E2B2C5EF}.Debug|x86.ActiveCfg = Debug|Any CPU
		{D6C39D32-CA39-4E8E-AF57-ED67E2B2C5EF}.Debug|x86.Build.0 = Debug|Any CPU
		{D6C39D32-CA39-4E8E-AF57-ED67E2B2C5EF}.Release|Any CPU.ActiveCfg = Release|Any CPU
		{D6C39D32-CA39-4E8E-AF57-ED67E2B2C5EF}.Release|Any CPU.Build.0 = Release|Any CPU
		{D6C39D32-CA39-4E8E-AF57-ED67E2B2C5EF}.Release|x64.ActiveCfg = Release|Any CPU
		{D6C39D32-CA39-4E8E-AF57-ED67E2B2C5EF}.Release|x64.Build.0 = Release|Any CPU
		{D6C39D32-CA39-4E8E-AF57-ED67E2B2C5EF}.Release|x86.ActiveCfg = Release|Any CPU
		{D6C39D32-CA39-4E8E-AF57-ED67E2B2C5EF}.Release|x86.Build.0 = Release|Any CPU
		{7C35CA01-0924-4DFB-98AA-025B39F0E9C5}.Debug|Any CPU.ActiveCfg = Debug|Any CPU
		{7C35CA01-0924-4DFB-98AA-025B39F0E9C5}.Debug|Any CPU.Build.0 = Debug|Any CPU
		{7C35CA01-0924-4DFB-98AA-025B39F0E9C5}.Debug|x64.ActiveCfg = Debug|Any CPU
		{7C35CA01-0924-4DFB-98AA-025B39F0E9C5}.Debug|x64.Build.0 = Debug|Any CPU
		{7C35CA01-0924-4DFB-98AA-025B39F0E9C5}.Debug|x86.ActiveCfg = Debug|Any CPU
		{7C35CA01-0924-4DFB-98AA-025B39F0E9C5}.Debug|x86.Build.0 = Debug|Any CPU
		{7C35CA01-0924-4DFB-98AA-025B39F0E9C5}.Release|Any CPU.ActiveCfg = Release|Any CPU
		{7C35CA01-0924-4DFB-98AA-025B39F0E9C5}.Release|Any CPU.Build.0 = Release|Any CPU
		{7C35CA01-0924-4DFB-98AA-025B39F0E9C5}.Release|x64.ActiveCfg = Release|Any CPU
		{7C35CA01-0924-4DFB-98AA-025B39F0E9C5}.Release|x64.Build.0 = Release|Any CPU
		{7C35CA01-0924-4DFB-98AA-025B39F0E9C5}.Release|x86.ActiveCfg = Release|Any CPU
		{7C35CA01-0924-4DFB-98AA-025B39F0E9C5}.Release|x86.Build.0 = Release|Any CPU
		{B90927D4-73DE-4D33-A504-F1B95A01E77D}.Debug|Any CPU.ActiveCfg = Debug|Any CPU
		{B90927D4-73DE-4D33-A504-F1B95A01E77D}.Debug|Any CPU.Build.0 = Debug|Any CPU
		{B90927D4-73DE-4D33-A504-F1B95A01E77D}.Debug|x64.ActiveCfg = Debug|Any CPU
		{B90927D4-73DE-4D33-A504-F1B95A01E77D}.Debug|x64.Build.0 = Debug|Any CPU
		{B90927D4-73DE-4D33-A504-F1B95A01E77D}.Debug|x86.ActiveCfg = Debug|Any CPU
		{B90927D4-73DE-4D33-A504-F1B95A01E77D}.Debug|x86.Build.0 = Debug|Any CPU
		{B90927D4-73DE-4D33-A504-F1B95A01E77D}.Release|Any CPU.ActiveCfg = Release|Any CPU
		{B90927D4-73DE-4D33-A504-F1B95A01E77D}.Release|Any CPU.Build.0 = Release|Any CPU
		{B90927D4-73DE-4D33-A504-F1B95A01E77D}.Release|x64.ActiveCfg = Release|Any CPU
		{B90927D4-73DE-4D33-A504-F1B95A01E77D}.Release|x64.Build.0 = Release|Any CPU
		{B90927D4-73DE-4D33-A504-F1B95A01E77D}.Release|x86.ActiveCfg = Release|Any CPU
		{B90927D4-73DE-4D33-A504-F1B95A01E77D}.Release|x86.Build.0 = Release|Any CPU
	EndGlobalSection
EndGlobal
